
Microsoft Visual Studio Solution File, Format Version 12.00
# Visual Studio Version 16
VisualStudioVersion = 16.0.31410.357
MinimumVisualStudioVersion = 10.0.40219.1
Project("{2150E333-8FDC-42A3-9474-1A3956D46DE8}") = "SRC", "SRC", "{66744B06-A24A-433B-8849-BF4D6E67FAFC}"
EndProject
Project("{2150E333-8FDC-42A3-9474-1A3956D46DE8}") = "Modules", "Modules", "{6B9B1028-33EA-4A76-BE57-9DF8DFF338E2}"
EndProject
Project("{9A19103F-16F7-4668-BE54-9A1E7A4F7556}") = "OTLog.Home", "SRC\Modules\OTLog.Home\OTLog.Home.csproj", "{F6CD3C07-A93A-4A18-B0D3-9984B2D89A5E}"
EndProject
Project("{9A19103F-16F7-4668-BE54-9A1E7A4F7556}") = "OTLog", "SRC\OTLog\OTLog.csproj", "{900C53D6-066A-47AA-8AF9-B44F3CBD3FB1}"
EndProject
Project("{9A19103F-16F7-4668-BE54-9A1E7A4F7556}") = "OTLog.Controls", "SRC\OTLog.Controls\OTLog.Controls.csproj", "{9A75A2B1-77B7-4D57-9511-4C910276E480}"
EndProject
Project("{9A19103F-16F7-4668-BE54-9A1E7A4F7556}") = "OTLog.Core", "SRC\OTLog.Core\OTLog.Core.csproj", "{A3549EF7-16E7-4CE6-8686-77F6F256FDF9}"
EndProject
Project("{9A19103F-16F7-4668-BE54-9A1E7A4F7556}") = "OTLog.Themes", "SRC\OTLog.Themes\OTLog.Themes.csproj", "{D1B9A374-A76D-4B5C-8807-EA9EEF221827}"
EndProject
Project("{9A19103F-16F7-4668-BE54-9A1E7A4F7556}") = "OTLog.UI.Core", "SRC\OTLog.UI.Core\OTLog.UI.Core.csproj", "{D2CF18ED-1366-4C38-AC80-DA990473B5DF}"
EndProject
Global
	GlobalSection(SolutionConfigurationPlatforms) = preSolution
		Debug|Any CPU = Debug|Any CPU
		Release|Any CPU = Release|Any CPU
	EndGlobalSection
	GlobalSection(ProjectConfigurationPlatforms) = postSolution
		{F6CD3C07-A93A-4A18-B0D3-9984B2D89A5E}.Debug|Any CPU.ActiveCfg = Debug|Any CPU
		{F6CD3C07-A93A-4A18-B0D3-9984B2D89A5E}.Debug|Any CPU.Build.0 = Debug|Any CPU
		{F6CD3C07-A93A-4A18-B0D3-9984B2D89A5E}.Release|Any CPU.ActiveCfg = Release|Any CPU
		{F6CD3C07-A93A-4A18-B0D3-9984B2D89A5E}.Release|Any CPU.Build.0 = Release|Any CPU
		{900C53D6-066A-47AA-8AF9-B44F3CBD3FB1}.Debug|Any CPU.ActiveCfg = Debug|Any CPU
		{900C53D6-066A-47AA-8AF9-B44F3CBD3FB1}.Debug|Any CPU.Build.0 = Debug|Any CPU
		{900C53D6-066A-47AA-8AF9-B44F3CBD3FB1}.Release|Any CPU.ActiveCfg = Release|Any CPU
		{900C53D6-066A-47AA-8AF9-B44F3CBD3FB1}.Release|Any CPU.Build.0 = Release|Any CPU
		{9A75A2B1-77B7-4D57-9511-4C910276E480}.Debug|Any CPU.ActiveCfg = Debug|Any CPU
		{9A75A2B1-77B7-4D57-9511-4C910276E480}.Debug|Any CPU.Build.0 = Debug|Any CPU
		{9A75A2B1-77B7-4D57-9511-4C910276E480}.Release|Any CPU.ActiveCfg = Release|Any CPU
		{9A75A2B1-77B7-4D57-9511-4C910276E480}.Release|Any CPU.Build.0 = Release|Any CPU
		{A3549EF7-16E7-4CE6-8686-77F6F256FDF9}.Debug|Any CPU.ActiveCfg = Debug|Any CPU
		{A3549EF7-16E7-4CE6-8686-77F6F256FDF9}.Debug|Any CPU.Build.0 = Debug|Any CPU
		{A3549EF7-16E7-4CE6-8686-77F6F256FDF9}.Release|Any CPU.ActiveCfg = Release|Any CPU
		{A3549EF7-16E7-4CE6-8686-77F6F256FDF9}.Release|Any CPU.Build.0 = Release|Any CPU
		{D1B9A374-A76D-4B5C-8807-EA9EEF221827}.Debug|Any CPU.ActiveCfg = Debug|Any CPU
		{D1B9A374-A76D-4B5C-8807-EA9EEF221827}.Debug|Any CPU.Build.0 = Debug|Any CPU
		{D1B9A374-A76D-4B5C-8807-EA9EEF221827}.Release|Any CPU.ActiveCfg = Release|Any CPU
		{D1B9A374-A76D-4B5C-8807-EA9EEF221827}.Release|Any CPU.Build.0 = Release|Any CPU
		{D2CF18ED-1366-4C38-AC80-DA990473B5DF}.Debug|Any CPU.ActiveCfg = Debug|Any CPU
		{D2CF18ED-1366-4C38-AC80-DA990473B5DF}.Debug|Any CPU.Build.0 = Debug|Any CPU
		{D2CF18ED-1366-4C38-AC80-DA990473B5DF}.Release|Any CPU.ActiveCfg = Release|Any CPU
		{D2CF18ED-1366-4C38-AC80-DA990473B5DF}.Release|Any CPU.Build.0 = Release|Any CPU
	EndGlobalSection
	GlobalSection(SolutionProperties) = preSolution
		HideSolutionNode = FALSE
	EndGlobalSection
	GlobalSection(NestedProjects) = preSolution
		{6B9B1028-33EA-4A76-BE57-9DF8DFF338E2} = {66744B06-A24A-433B-8849-BF4D6E67FAFC}
		{F6CD3C07-A93A-4A18-B0D3-9984B2D89A5E} = {6B9B1028-33EA-4A76-BE57-9DF8DFF338E2}
		{900C53D6-066A-47AA-8AF9-B44F3CBD3FB1} = {66744B06-A24A-433B-8849-BF4D6E67FAFC}
		{9A75A2B1-77B7-4D57-9511-4C910276E480} = {66744B06-A24A-433B-8849-BF4D6E67FAFC}
		{A3549EF7-16E7-4CE6-8686-77F6F256FDF9} = {66744B06-A24A-433B-8849-BF4D6E67FAFC}
		{D1B9A374-A76D-4B5C-8807-EA9EEF221827} = {66744B06-A24A-433B-8849-BF4D6E67FAFC}
		{D2CF18ED-1366-4C38-AC80-DA990473B5DF} = {66744B06-A24A-433B-8849-BF4D6E67FAFC}
	EndGlobalSection
	GlobalSection(ExtensibilityGlobals) = postSolution
		SolutionGuid = {40761D62-5117-4AB2-BAE4-6A5245801F52}
	EndGlobalSection
EndGlobal
