
Microsoft Visual Studio Solution File, Format Version 12.00
# Visual Studio Version 16
VisualStudioVersion = 16.0.31410.357
MinimumVisualStudioVersion = 10.0.40219.1
Project("{2150E333-8FDC-42A3-9474-1A3956D46DE8}") = "SRC", "SRC", "{FEBA107D-F276-4C8A-B0E7-646BA5EC9918}"
EndProject
Project("{FAE04EC0-301F-11D3-BF4B-00C04F79EFBC}") = "OTLog", "SRC\OTLog\OTLog.csproj", "{762A1531-333F-4A18-815E-74917CD3C2BD}"
EndProject
Project("{2150E333-8FDC-42A3-9474-1A3956D46DE8}") = "Modules", "Modules", "{3F334A9C-CC3B-4F89-9A1D-A3B0CA3043B0}"
EndProject
Project("{FAE04EC0-301F-11D3-BF4B-00C04F79EFBC}") = "OTLog.Home", "SRC\Modules\OTLog.Home\OTLog.Home.csproj", "{2512F704-939E-4081-A525-1FDFA1C3A4FB}"
EndProject
Project("{FAE04EC0-301F-11D3-BF4B-00C04F79EFBC}") = "OTLog.Core", "SRC\OTLog.Core\OTLog.Core.csproj", "{DD8CCB71-8A73-4BB3-B475-256079F515DF}"
EndProject
Project("{FAE04EC0-301F-11D3-BF4B-00C04F79EFBC}") = "OTLog.Themes", "SRC\OTLog.Themes\OTLog.Themes.csproj", "{6A4FBB4B-ECD4-4709-BACA-5003B2029AB5}"
EndProject
Project("{FAE04EC0-301F-11D3-BF4B-00C04F79EFBC}") = "OTLog.UI.Core", "SRC\OTLog.UI.Core\OTLog.UI.Core.csproj", "{16C820F7-FC26-4A5D-8412-AE321E323F86}"
EndProject
Project("{FAE04EC0-301F-11D3-BF4B-00C04F79EFBC}") = "OTLog.Controls", "SRC\OTLog.Controls\OTLog.Controls.csproj", "{ED0E27C4-E3C8-4B12-894B-22AA8BA42437}"
EndProject
Global
	GlobalSection(SolutionConfigurationPlatforms) = preSolution
		Debug|Any CPU = Debug|Any CPU
		Release|Any CPU = Release|Any CPU
	EndGlobalSection
	GlobalSection(ProjectConfigurationPlatforms) = postSolution
		{762A1531-333F-4A18-815E-74917CD3C2BD}.Debug|Any CPU.ActiveCfg = Debug|Any CPU
		{762A1531-333F-4A18-815E-74917CD3C2BD}.Debug|Any CPU.Build.0 = Debug|Any CPU
		{762A1531-333F-4A18-815E-74917CD3C2BD}.Release|Any CPU.ActiveCfg = Release|Any CPU
		{762A1531-333F-4A18-815E-74917CD3C2BD}.Release|Any CPU.Build.0 = Release|Any CPU
		{2512F704-939E-4081-A525-1FDFA1C3A4FB}.Debug|Any CPU.ActiveCfg = Debug|Any CPU
		{2512F704-939E-4081-A525-1FDFA1C3A4FB}.Debug|Any CPU.Build.0 = Debug|Any CPU
		{2512F704-939E-4081-A525-1FDFA1C3A4FB}.Release|Any CPU.ActiveCfg = Release|Any CPU
		{2512F704-939E-4081-A525-1FDFA1C3A4FB}.Release|Any CPU.Build.0 = Release|Any CPU
		{DD8CCB71-8A73-4BB3-B475-256079F515DF}.Debug|Any CPU.ActiveCfg = Debug|Any CPU
		{DD8CCB71-8A73-4BB3-B475-256079F515DF}.Debug|Any CPU.Build.0 = Debug|Any CPU
		{DD8CCB71-8A73-4BB3-B475-256079F515DF}.Release|Any CPU.ActiveCfg = Release|Any CPU
		{DD8CCB71-8A73-4BB3-B475-256079F515DF}.Release|Any CPU.Build.0 = Release|Any CPU
		{6A4FBB4B-ECD4-4709-BACA-5003B2029AB5}.Debug|Any CPU.ActiveCfg = Debug|Any CPU
		{6A4FBB4B-ECD4-4709-BACA-5003B2029AB5}.Debug|Any CPU.Build.0 = Debug|Any CPU
		{6A4FBB4B-ECD4-4709-BACA-5003B2029AB5}.Release|Any CPU.ActiveCfg = Release|Any CPU
		{6A4FBB4B-ECD4-4709-BACA-5003B2029AB5}.Release|Any CPU.Build.0 = Release|Any CPU
		{16C820F7-FC26-4A5D-8412-AE321E323F86}.Debug|Any CPU.ActiveCfg = Debug|Any CPU
		{16C820F7-FC26-4A5D-8412-AE321E323F86}.Debug|Any CPU.Build.0 = Debug|Any CPU
		{16C820F7-FC26-4A5D-8412-AE321E323F86}.Release|Any CPU.ActiveCfg = Release|Any CPU
		{16C820F7-FC26-4A5D-8412-AE321E323F86}.Release|Any CPU.Build.0 = Release|Any CPU
		{ED0E27C4-E3C8-4B12-894B-22AA8BA42437}.Debug|Any CPU.ActiveCfg = Debug|Any CPU
		{ED0E27C4-E3C8-4B12-894B-22AA8BA42437}.Debug|Any CPU.Build.0 = Debug|Any CPU
		{ED0E27C4-E3C8-4B12-894B-22AA8BA42437}.Release|Any CPU.ActiveCfg = Release|Any CPU
		{ED0E27C4-E3C8-4B12-894B-22AA8BA42437}.Release|Any CPU.Build.0 = Release|Any CPU
	EndGlobalSection
	GlobalSection(SolutionProperties) = preSolution
		HideSolutionNode = FALSE
	EndGlobalSection
	GlobalSection(NestedProjects) = preSolution
		{762A1531-333F-4A18-815E-74917CD3C2BD} = {FEBA107D-F276-4C8A-B0E7-646BA5EC9918}
		{3F334A9C-CC3B-4F89-9A1D-A3B0CA3043B0} = {FEBA107D-F276-4C8A-B0E7-646BA5EC9918}
		{2512F704-939E-4081-A525-1FDFA1C3A4FB} = {3F334A9C-CC3B-4F89-9A1D-A3B0CA3043B0}
		{DD8CCB71-8A73-4BB3-B475-256079F515DF} = {FEBA107D-F276-4C8A-B0E7-646BA5EC9918}
		{6A4FBB4B-ECD4-4709-BACA-5003B2029AB5} = {FEBA107D-F276-4C8A-B0E7-646BA5EC9918}
		{16C820F7-FC26-4A5D-8412-AE321E323F86} = {FEBA107D-F276-4C8A-B0E7-646BA5EC9918}
		{ED0E27C4-E3C8-4B12-894B-22AA8BA42437} = {FEBA107D-F276-4C8A-B0E7-646BA5EC9918}
	EndGlobalSection
	GlobalSection(ExtensibilityGlobals) = postSolution
		SolutionGuid = {40761D62-5117-4AB2-BAE4-6A5245801F52}
	EndGlobalSection
EndGlobal
